
Microsoft Visual Studio Solution File, Format Version 12.00
# Visual Studio Version 17
VisualStudioVersion = 17.5.33502.453
MinimumVisualStudioVersion = 10.0.40219.1
Project("{9A19103F-16F7-4668-BE54-9A1E7A4F7556}") = "EmatWinFormsApp", "EmatWinFormsApp\EmatWinFormsApp.csproj", "{AD143C04-2731-498B-ACA4-F628C5CE4105}"
EndProject
Project("{9A19103F-16F7-4668-BE54-9A1E7A4F7556}") = "Emat.IntegracaoSedConsoleApp", "IntegradorSed\Emat.IntegracaoSedConsoleApp.csproj", "{E7D139F7-1BBC-4B83-AFB4-AA3313E55F4C}"
EndProject
Project("{FAE04EC0-301F-11D3-BF4B-00C04F79EFBC}") = "EmatWinFormsNetFramework1402", "EmatWinFormsNetFramework1402\EmatWinFormsNetFramework1402.csproj", "{25851E29-D9BC-4B18-89DC-21DAB2FA7331}"
EndProject
Project("{FAE04EC0-301F-11D3-BF4B-00C04F79EFBC}") = "EmatWinFormsNetFramework13032", "EmatWinFormsNetFramework13032\EmatWinFormsNetFramework13032.csproj", "{FC6A592F-5F78-4501-9F8B-5B0349ED46D5}"
EndProject
Project("{2150E333-8FDC-42A3-9474-1A3956D46DE8}") = "Tests", "Tests", "{4070D8A5-425F-4398-A9BE-26F3D7AED159}"
EndProject
Project("{9A19103F-16F7-4668-BE54-9A1E7A4F7556}") = "TestsWinFormsApp", "TestsWinFormsApp\TestsWinFormsApp.csproj", "{46BD0F36-9E07-4B52-B1A9-474F03A887E0}"
EndProject
Project("{FAE04EC0-301F-11D3-BF4B-00C04F79EFBC}") = "TestsUwpApp", "TestsUwpApp\TestsUwpApp.csproj", "{FB3AF6AF-C0A7-41FD-B926-029B4722DEF0}"
EndProject
Project("{2150E333-8FDC-42A3-9474-1A3956D46DE8}") = "DataAccess", "DataAccess", "{DF0DDD9C-DA9E-4015-B9C7-C1CF04E9D2E7}"
EndProject
Project("{9A19103F-16F7-4668-BE54-9A1E7A4F7556}") = "EmatDataAccessLib", "EmatDataAccessLib\EmatDataAccessLib.csproj", "{3F707579-0F26-40D6-B8C6-B65B814241EB}"
EndProject
Project("{2150E333-8FDC-42A3-9474-1A3956D46DE8}") = "Database", "Database", "{FE6A0113-84EB-4455-8E13-BA48F95FD422}"
EndProject
Project("{00D1A9C2-B5F0-4AF3-8072-F6C62B433612}") = "EmatReportsDatabaseProject", "EmatReportsDatabase\EmatReportsDatabaseProject.sqlproj", "{7C373D2D-967B-4722-84BF-59CEAF66A2E4}"
EndProject
Global
	GlobalSection(SolutionConfigurationPlatforms) = preSolution
		Debug|Any CPU = Debug|Any CPU
		Debug|ARM = Debug|ARM
		Debug|ARM64 = Debug|ARM64
		Debug|x64 = Debug|x64
		Debug|x86 = Debug|x86
		Release|Any CPU = Release|Any CPU
		Release|ARM = Release|ARM
		Release|ARM64 = Release|ARM64
		Release|x64 = Release|x64
		Release|x86 = Release|x86
	EndGlobalSection
	GlobalSection(ProjectConfigurationPlatforms) = postSolution
		{AD143C04-2731-498B-ACA4-F628C5CE4105}.Debug|Any CPU.ActiveCfg = Debug|Any CPU
		{AD143C04-2731-498B-ACA4-F628C5CE4105}.Debug|Any CPU.Build.0 = Debug|Any CPU
		{AD143C04-2731-498B-ACA4-F628C5CE4105}.Debug|ARM.ActiveCfg = Debug|Any CPU
		{AD143C04-2731-498B-ACA4-F628C5CE4105}.Debug|ARM.Build.0 = Debug|Any CPU
		{AD143C04-2731-498B-ACA4-F628C5CE4105}.Debug|ARM64.ActiveCfg = Debug|Any CPU
		{AD143C04-2731-498B-ACA4-F628C5CE4105}.Debug|ARM64.Build.0 = Debug|Any CPU
		{AD143C04-2731-498B-ACA4-F628C5CE4105}.Debug|x64.ActiveCfg = Debug|Any CPU
		{AD143C04-2731-498B-ACA4-F628C5CE4105}.Debug|x64.Build.0 = Debug|Any CPU
		{AD143C04-2731-498B-ACA4-F628C5CE4105}.Debug|x86.ActiveCfg = Debug|Any CPU
		{AD143C04-2731-498B-ACA4-F628C5CE4105}.Debug|x86.Build.0 = Debug|Any CPU
		{AD143C04-2731-498B-ACA4-F628C5CE4105}.Release|Any CPU.ActiveCfg = Release|Any CPU
		{AD143C04-2731-498B-ACA4-F628C5CE4105}.Release|Any CPU.Build.0 = Release|Any CPU
		{AD143C04-2731-498B-ACA4-F628C5CE4105}.Release|ARM.ActiveCfg = Release|Any CPU
		{AD143C04-2731-498B-ACA4-F628C5CE4105}.Release|ARM.Build.0 = Release|Any CPU
		{AD143C04-2731-498B-ACA4-F628C5CE4105}.Release|ARM64.ActiveCfg = Release|Any CPU
		{AD143C04-2731-498B-ACA4-F628C5CE4105}.Release|ARM64.Build.0 = Release|Any CPU
		{AD143C04-2731-498B-ACA4-F628C5CE4105}.Release|x64.ActiveCfg = Release|Any CPU
		{AD143C04-2731-498B-ACA4-F628C5CE4105}.Release|x64.Build.0 = Release|Any CPU
		{AD143C04-2731-498B-ACA4-F628C5CE4105}.Release|x86.ActiveCfg = Release|Any CPU
		{AD143C04-2731-498B-ACA4-F628C5CE4105}.Release|x86.Build.0 = Release|Any CPU
		{E7D139F7-1BBC-4B83-AFB4-AA3313E55F4C}.Debug|Any CPU.ActiveCfg = Debug|Any CPU
		{E7D139F7-1BBC-4B83-AFB4-AA3313E55F4C}.Debug|Any CPU.Build.0 = Debug|Any CPU
		{E7D139F7-1BBC-4B83-AFB4-AA3313E55F4C}.Debug|ARM.ActiveCfg = Debug|Any CPU
		{E7D139F7-1BBC-4B83-AFB4-AA3313E55F4C}.Debug|ARM.Build.0 = Debug|Any CPU
		{E7D139F7-1BBC-4B83-AFB4-AA3313E55F4C}.Debug|ARM64.ActiveCfg = Debug|Any CPU
		{E7D139F7-1BBC-4B83-AFB4-AA3313E55F4C}.Debug|ARM64.Build.0 = Debug|Any CPU
		{E7D139F7-1BBC-4B83-AFB4-AA3313E55F4C}.Debug|x64.ActiveCfg = Debug|Any CPU
		{E7D139F7-1BBC-4B83-AFB4-AA3313E55F4C}.Debug|x64.Build.0 = Debug|Any CPU
		{E7D139F7-1BBC-4B83-AFB4-AA3313E55F4C}.Debug|x86.ActiveCfg = Debug|Any CPU
		{E7D139F7-1BBC-4B83-AFB4-AA3313E55F4C}.Debug|x86.Build.0 = Debug|Any CPU
		{E7D139F7-1BBC-4B83-AFB4-AA3313E55F4C}.Release|Any CPU.ActiveCfg = Release|Any CPU
		{E7D139F7-1BBC-4B83-AFB4-AA3313E55F4C}.Release|Any CPU.Build.0 = Release|Any CPU
		{E7D139F7-1BBC-4B83-AFB4-AA3313E55F4C}.Release|ARM.ActiveCfg = Release|Any CPU
		{E7D139F7-1BBC-4B83-AFB4-AA3313E55F4C}.Release|ARM.Build.0 = Release|Any CPU
		{E7D139F7-1BBC-4B83-AFB4-AA3313E55F4C}.Release|ARM64.ActiveCfg = Release|Any CPU
		{E7D139F7-1BBC-4B83-AFB4-AA3313E55F4C}.Release|ARM64.Build.0 = Release|Any CPU
		{E7D139F7-1BBC-4B83-AFB4-AA3313E55F4C}.Release|x64.ActiveCfg = Release|Any CPU
		{E7D139F7-1BBC-4B83-AFB4-AA3313E55F4C}.Release|x64.Build.0 = Release|Any CPU
		{E7D139F7-1BBC-4B83-AFB4-AA3313E55F4C}.Release|x86.ActiveCfg = Release|Any CPU
		{E7D139F7-1BBC-4B83-AFB4-AA3313E55F4C}.Release|x86.Build.0 = Release|Any CPU
		{25851E29-D9BC-4B18-89DC-21DAB2FA7331}.Debug|Any CPU.ActiveCfg = Debug|Any CPU
		{25851E29-D9BC-4B18-89DC-21DAB2FA7331}.Debug|Any CPU.Build.0 = Debug|Any CPU
		{25851E29-D9BC-4B18-89DC-21DAB2FA7331}.Debug|ARM.ActiveCfg = Debug|Any CPU
		{25851E29-D9BC-4B18-89DC-21DAB2FA7331}.Debug|ARM.Build.0 = Debug|Any CPU
		{25851E29-D9BC-4B18-89DC-21DAB2FA7331}.Debug|ARM64.ActiveCfg = Debug|Any CPU
		{25851E29-D9BC-4B18-89DC-21DAB2FA7331}.Debug|ARM64.Build.0 = Debug|Any CPU
		{25851E29-D9BC-4B18-89DC-21DAB2FA7331}.Debug|x64.ActiveCfg = Debug|Any CPU
		{25851E29-D9BC-4B18-89DC-21DAB2FA7331}.Debug|x64.Build.0 = Debug|Any CPU
		{25851E29-D9BC-4B18-89DC-21DAB2FA7331}.Debug|x86.ActiveCfg = Debug|x86
		{25851E29-D9BC-4B18-89DC-21DAB2FA7331}.Debug|x86.Build.0 = Debug|x86
		{25851E29-D9BC-4B18-89DC-21DAB2FA7331}.Release|Any CPU.ActiveCfg = Release|Any CPU
		{25851E29-D9BC-4B18-89DC-21DAB2FA7331}.Release|Any CPU.Build.0 = Release|Any CPU
		{25851E29-D9BC-4B18-89DC-21DAB2FA7331}.Release|ARM.ActiveCfg = Release|Any CPU
		{25851E29-D9BC-4B18-89DC-21DAB2FA7331}.Release|ARM.Build.0 = Release|Any CPU
		{25851E29-D9BC-4B18-89DC-21DAB2FA7331}.Release|ARM64.ActiveCfg = Release|Any CPU
		{25851E29-D9BC-4B18-89DC-21DAB2FA7331}.Release|ARM64.Build.0 = Release|Any CPU
		{25851E29-D9BC-4B18-89DC-21DAB2FA7331}.Release|x64.ActiveCfg = Release|Any CPU
		{25851E29-D9BC-4B18-89DC-21DAB2FA7331}.Release|x64.Build.0 = Release|Any CPU
		{25851E29-D9BC-4B18-89DC-21DAB2FA7331}.Release|x86.ActiveCfg = Release|x86
		{25851E29-D9BC-4B18-89DC-21DAB2FA7331}.Release|x86.Build.0 = Release|x86
		{FC6A592F-5F78-4501-9F8B-5B0349ED46D5}.Debug|Any CPU.ActiveCfg = Debug|Any CPU
		{FC6A592F-5F78-4501-9F8B-5B0349ED46D5}.Debug|Any CPU.Build.0 = Debug|Any CPU
		{FC6A592F-5F78-4501-9F8B-5B0349ED46D5}.Debug|ARM.ActiveCfg = Debug|Any CPU
		{FC6A592F-5F78-4501-9F8B-5B0349ED46D5}.Debug|ARM.Build.0 = Debug|Any CPU
		{FC6A592F-5F78-4501-9F8B-5B0349ED46D5}.Debug|ARM64.ActiveCfg = Debug|Any CPU
		{FC6A592F-5F78-4501-9F8B-5B0349ED46D5}.Debug|ARM64.Build.0 = Debug|Any CPU
		{FC6A592F-5F78-4501-9F8B-5B0349ED46D5}.Debug|x64.ActiveCfg = Debug|Any CPU
		{FC6A592F-5F78-4501-9F8B-5B0349ED46D5}.Debug|x64.Build.0 = Debug|Any CPU
		{FC6A592F-5F78-4501-9F8B-5B0349ED46D5}.Debug|x86.ActiveCfg = Debug|Any CPU
		{FC6A592F-5F78-4501-9F8B-5B0349ED46D5}.Debug|x86.Build.0 = Debug|Any CPU
		{FC6A592F-5F78-4501-9F8B-5B0349ED46D5}.Release|Any CPU.ActiveCfg = Release|Any CPU
		{FC6A592F-5F78-4501-9F8B-5B0349ED46D5}.Release|Any CPU.Build.0 = Release|Any CPU
		{FC6A592F-5F78-4501-9F8B-5B0349ED46D5}.Release|ARM.ActiveCfg = Release|Any CPU
		{FC6A592F-5F78-4501-9F8B-5B0349ED46D5}.Release|ARM.Build.0 = Release|Any CPU
		{FC6A592F-5F78-4501-9F8B-5B0349ED46D5}.Release|ARM64.ActiveCfg = Release|Any CPU
		{FC6A592F-5F78-4501-9F8B-5B0349ED46D5}.Release|ARM64.Build.0 = Release|Any CPU
		{FC6A592F-5F78-4501-9F8B-5B0349ED46D5}.Release|x64.ActiveCfg = Release|Any CPU
		{FC6A592F-5F78-4501-9F8B-5B0349ED46D5}.Release|x64.Build.0 = Release|Any CPU
		{FC6A592F-5F78-4501-9F8B-5B0349ED46D5}.Release|x86.ActiveCfg = Release|Any CPU
		{FC6A592F-5F78-4501-9F8B-5B0349ED46D5}.Release|x86.Build.0 = Release|Any CPU
		{46BD0F36-9E07-4B52-B1A9-474F03A887E0}.Debug|Any CPU.ActiveCfg = Debug|Any CPU
		{46BD0F36-9E07-4B52-B1A9-474F03A887E0}.Debug|Any CPU.Build.0 = Debug|Any CPU
		{46BD0F36-9E07-4B52-B1A9-474F03A887E0}.Debug|ARM.ActiveCfg = Debug|Any CPU
		{46BD0F36-9E07-4B52-B1A9-474F03A887E0}.Debug|ARM.Build.0 = Debug|Any CPU
		{46BD0F36-9E07-4B52-B1A9-474F03A887E0}.Debug|ARM64.ActiveCfg = Debug|Any CPU
		{46BD0F36-9E07-4B52-B1A9-474F03A887E0}.Debug|ARM64.Build.0 = Debug|Any CPU
		{46BD0F36-9E07-4B52-B1A9-474F03A887E0}.Debug|x64.ActiveCfg = Debug|Any CPU
		{46BD0F36-9E07-4B52-B1A9-474F03A887E0}.Debug|x64.Build.0 = Debug|Any CPU
		{46BD0F36-9E07-4B52-B1A9-474F03A887E0}.Debug|x86.ActiveCfg = Debug|Any CPU
		{46BD0F36-9E07-4B52-B1A9-474F03A887E0}.Debug|x86.Build.0 = Debug|Any CPU
		{46BD0F36-9E07-4B52-B1A9-474F03A887E0}.Release|Any CPU.ActiveCfg = Release|Any CPU
		{46BD0F36-9E07-4B52-B1A9-474F03A887E0}.Release|Any CPU.Build.0 = Release|Any CPU
		{46BD0F36-9E07-4B52-B1A9-474F03A887E0}.Release|ARM.ActiveCfg = Release|Any CPU
		{46BD0F36-9E07-4B52-B1A9-474F03A887E0}.Release|ARM.Build.0 = Release|Any CPU
		{46BD0F36-9E07-4B52-B1A9-474F03A887E0}.Release|ARM64.ActiveCfg = Release|Any CPU
		{46BD0F36-9E07-4B52-B1A9-474F03A887E0}.Release|ARM64.Build.0 = Release|Any CPU
		{46BD0F36-9E07-4B52-B1A9-474F03A887E0}.Release|x64.ActiveCfg = Release|Any CPU
		{46BD0F36-9E07-4B52-B1A9-474F03A887E0}.Release|x64.Build.0 = Release|Any CPU
		{46BD0F36-9E07-4B52-B1A9-474F03A887E0}.Release|x86.ActiveCfg = Release|Any CPU
		{46BD0F36-9E07-4B52-B1A9-474F03A887E0}.Release|x86.Build.0 = Release|Any CPU
		{FB3AF6AF-C0A7-41FD-B926-029B4722DEF0}.Debug|Any CPU.ActiveCfg = Debug|x64
		{FB3AF6AF-C0A7-41FD-B926-029B4722DEF0}.Debug|Any CPU.Build.0 = Debug|x64
		{FB3AF6AF-C0A7-41FD-B926-029B4722DEF0}.Debug|Any CPU.Deploy.0 = Debug|x64
		{FB3AF6AF-C0A7-41FD-B926-029B4722DEF0}.Debug|ARM.ActiveCfg = Debug|ARM
		{FB3AF6AF-C0A7-41FD-B926-029B4722DEF0}.Debug|ARM.Build.0 = Debug|ARM
		{FB3AF6AF-C0A7-41FD-B926-029B4722DEF0}.Debug|ARM.Deploy.0 = Debug|ARM
		{FB3AF6AF-C0A7-41FD-B926-029B4722DEF0}.Debug|ARM64.ActiveCfg = Debug|ARM64
		{FB3AF6AF-C0A7-41FD-B926-029B4722DEF0}.Debug|ARM64.Build.0 = Debug|ARM64
		{FB3AF6AF-C0A7-41FD-B926-029B4722DEF0}.Debug|ARM64.Deploy.0 = Debug|ARM64
		{FB3AF6AF-C0A7-41FD-B926-029B4722DEF0}.Debug|x64.ActiveCfg = Debug|x64
		{FB3AF6AF-C0A7-41FD-B926-029B4722DEF0}.Debug|x64.Build.0 = Debug|x64
		{FB3AF6AF-C0A7-41FD-B926-029B4722DEF0}.Debug|x64.Deploy.0 = Debug|x64
		{FB3AF6AF-C0A7-41FD-B926-029B4722DEF0}.Debug|x86.ActiveCfg = Debug|x86
		{FB3AF6AF-C0A7-41FD-B926-029B4722DEF0}.Debug|x86.Build.0 = Debug|x86
		{FB3AF6AF-C0A7-41FD-B926-029B4722DEF0}.Debug|x86.Deploy.0 = Debug|x86
		{FB3AF6AF-C0A7-41FD-B926-029B4722DEF0}.Release|Any CPU.ActiveCfg = Release|x64
		{FB3AF6AF-C0A7-41FD-B926-029B4722DEF0}.Release|Any CPU.Build.0 = Release|x64
		{FB3AF6AF-C0A7-41FD-B926-029B4722DEF0}.Release|Any CPU.Deploy.0 = Release|x64
		{FB3AF6AF-C0A7-41FD-B926-029B4722DEF0}.Release|ARM.ActiveCfg = Release|ARM
		{FB3AF6AF-C0A7-41FD-B926-029B4722DEF0}.Release|ARM.Build.0 = Release|ARM
		{FB3AF6AF-C0A7-41FD-B926-029B4722DEF0}.Release|ARM.Deploy.0 = Release|ARM
		{FB3AF6AF-C0A7-41FD-B926-029B4722DEF0}.Release|ARM64.ActiveCfg = Release|ARM64
		{FB3AF6AF-C0A7-41FD-B926-029B4722DEF0}.Release|ARM64.Build.0 = Release|ARM64
		{FB3AF6AF-C0A7-41FD-B926-029B4722DEF0}.Release|ARM64.Deploy.0 = Release|ARM64
		{FB3AF6AF-C0A7-41FD-B926-029B4722DEF0}.Release|x64.ActiveCfg = Release|x64
		{FB3AF6AF-C0A7-41FD-B926-029B4722DEF0}.Release|x64.Build.0 = Release|x64
		{FB3AF6AF-C0A7-41FD-B926-029B4722DEF0}.Release|x64.Deploy.0 = Release|x64
		{FB3AF6AF-C0A7-41FD-B926-029B4722DEF0}.Release|x86.ActiveCfg = Release|x86
		{FB3AF6AF-C0A7-41FD-B926-029B4722DEF0}.Release|x86.Build.0 = Release|x86
		{FB3AF6AF-C0A7-41FD-B926-029B4722DEF0}.Release|x86.Deploy.0 = Release|x86
		{3F707579-0F26-40D6-B8C6-B65B814241EB}.Debug|Any CPU.ActiveCfg = Debug|Any CPU
		{3F707579-0F26-40D6-B8C6-B65B814241EB}.Debug|Any CPU.Build.0 = Debug|Any CPU
		{3F707579-0F26-40D6-B8C6-B65B814241EB}.Debug|ARM.ActiveCfg = Debug|Any CPU
		{3F707579-0F26-40D6-B8C6-B65B814241EB}.Debug|ARM.Build.0 = Debug|Any CPU
		{3F707579-0F26-40D6-B8C6-B65B814241EB}.Debug|ARM64.ActiveCfg = Debug|Any CPU
		{3F707579-0F26-40D6-B8C6-B65B814241EB}.Debug|ARM64.Build.0 = Debug|Any CPU
		{3F707579-0F26-40D6-B8C6-B65B814241EB}.Debug|x64.ActiveCfg = Debug|Any CPU
		{3F707579-0F26-40D6-B8C6-B65B814241EB}.Debug|x64.Build.0 = Debug|Any CPU
		{3F707579-0F26-40D6-B8C6-B65B814241EB}.Debug|x86.ActiveCfg = Debug|Any CPU
		{3F707579-0F26-40D6-B8C6-B65B814241EB}.Debug|x86.Build.0 = Debug|Any CPU
		{3F707579-0F26-40D6-B8C6-B65B814241EB}.Release|Any CPU.ActiveCfg = Release|Any CPU
		{3F707579-0F26-40D6-B8C6-B65B814241EB}.Release|Any CPU.Build.0 = Release|Any CPU
		{3F707579-0F26-40D6-B8C6-B65B814241EB}.Release|ARM.ActiveCfg = Release|Any CPU
		{3F707579-0F26-40D6-B8C6-B65B814241EB}.Release|ARM.Build.0 = Release|Any CPU
		{3F707579-0F26-40D6-B8C6-B65B814241EB}.Release|ARM64.ActiveCfg = Release|Any CPU
		{3F707579-0F26-40D6-B8C6-B65B814241EB}.Release|ARM64.Build.0 = Release|Any CPU
		{3F707579-0F26-40D6-B8C6-B65B814241EB}.Release|x64.ActiveCfg = Release|Any CPU
		{3F707579-0F26-40D6-B8C6-B65B814241EB}.Release|x64.Build.0 = Release|Any CPU
		{3F707579-0F26-40D6-B8C6-B65B814241EB}.Release|x86.ActiveCfg = Release|Any CPU
		{3F707579-0F26-40D6-B8C6-B65B814241EB}.Release|x86.Build.0 = Release|Any CPU
		{7C373D2D-967B-4722-84BF-59CEAF66A2E4}.Debug|Any CPU.ActiveCfg = Debug|Any CPU
		{7C373D2D-967B-4722-84BF-59CEAF66A2E4}.Debug|Any CPU.Build.0 = Debug|Any CPU
		{7C373D2D-967B-4722-84BF-59CEAF66A2E4}.Debug|Any CPU.Deploy.0 = Debug|Any CPU
		{7C373D2D-967B-4722-84BF-59CEAF66A2E4}.Debug|ARM.ActiveCfg = Debug|Any CPU
		{7C373D2D-967B-4722-84BF-59CEAF66A2E4}.Debug|ARM.Build.0 = Debug|Any CPU
		{7C373D2D-967B-4722-84BF-59CEAF66A2E4}.Debug|ARM.Deploy.0 = Debug|Any CPU
		{7C373D2D-967B-4722-84BF-59CEAF66A2E4}.Debug|ARM64.ActiveCfg = Debug|Any CPU
		{7C373D2D-967B-4722-84BF-59CEAF66A2E4}.Debug|ARM64.Build.0 = Debug|Any CPU
		{7C373D2D-967B-4722-84BF-59CEAF66A2E4}.Debug|ARM64.Deploy.0 = Debug|Any CPU
		{7C373D2D-967B-4722-84BF-59CEAF66A2E4}.Debug|x64.ActiveCfg = Debug|Any CPU
		{7C373D2D-967B-4722-84BF-59CEAF66A2E4}.Debug|x64.Build.0 = Debug|Any CPU
		{7C373D2D-967B-4722-84BF-59CEAF66A2E4}.Debug|x64.Deploy.0 = Debug|Any CPU
		{7C373D2D-967B-4722-84BF-59CEAF66A2E4}.Debug|x86.ActiveCfg = Debug|Any CPU
		{7C373D2D-967B-4722-84BF-59CEAF66A2E4}.Debug|x86.Build.0 = Debug|Any CPU
		{7C373D2D-967B-4722-84BF-59CEAF66A2E4}.Debug|x86.Deploy.0 = Debug|Any CPU
		{7C373D2D-967B-4722-84BF-59CEAF66A2E4}.Release|Any CPU.ActiveCfg = Release|Any CPU
		{7C373D2D-967B-4722-84BF-59CEAF66A2E4}.Release|Any CPU.Build.0 = Release|Any CPU
		{7C373D2D-967B-4722-84BF-59CEAF66A2E4}.Release|Any CPU.Deploy.0 = Release|Any CPU
		{7C373D2D-967B-4722-84BF-59CEAF66A2E4}.Release|ARM.ActiveCfg = Release|Any CPU
		{7C373D2D-967B-4722-84BF-59CEAF66A2E4}.Release|ARM.Build.0 = Release|Any CPU
		{7C373D2D-967B-4722-84BF-59CEAF66A2E4}.Release|ARM.Deploy.0 = Release|Any CPU
		{7C373D2D-967B-4722-84BF-59CEAF66A2E4}.Release|ARM64.ActiveCfg = Release|Any CPU
		{7C373D2D-967B-4722-84BF-59CEAF66A2E4}.Release|ARM64.Build.0 = Release|Any CPU
		{7C373D2D-967B-4722-84BF-59CEAF66A2E4}.Release|ARM64.Deploy.0 = Release|Any CPU
		{7C373D2D-967B-4722-84BF-59CEAF66A2E4}.Release|x64.ActiveCfg = Release|Any CPU
		{7C373D2D-967B-4722-84BF-59CEAF66A2E4}.Release|x64.Build.0 = Release|Any CPU
		{7C373D2D-967B-4722-84BF-59CEAF66A2E4}.Release|x64.Deploy.0 = Release|Any CPU
		{7C373D2D-967B-4722-84BF-59CEAF66A2E4}.Release|x86.ActiveCfg = Release|Any CPU
		{7C373D2D-967B-4722-84BF-59CEAF66A2E4}.Release|x86.Build.0 = Release|Any CPU
		{7C373D2D-967B-4722-84BF-59CEAF66A2E4}.Release|x86.Deploy.0 = Release|Any CPU
	EndGlobalSection
	GlobalSection(SolutionProperties) = preSolution
		HideSolutionNode = FALSE
	EndGlobalSection
	GlobalSection(NestedProjects) = preSolution
		{46BD0F36-9E07-4B52-B1A9-474F03A887E0} = {4070D8A5-425F-4398-A9BE-26F3D7AED159}
		{FB3AF6AF-C0A7-41FD-B926-029B4722DEF0} = {4070D8A5-425F-4398-A9BE-26F3D7AED159}
		{3F707579-0F26-40D6-B8C6-B65B814241EB} = {DF0DDD9C-DA9E-4015-B9C7-C1CF04E9D2E7}
		{7C373D2D-967B-4722-84BF-59CEAF66A2E4} = {FE6A0113-84EB-4455-8E13-BA48F95FD422}
	EndGlobalSection
	GlobalSection(ExtensibilityGlobals) = postSolution
		SolutionGuid = {082B3D9B-F6FE-4AD1-9C37-9BE58A4A753A}
	EndGlobalSection
EndGlobal
